// !$*UTF8*$!
{
	archiveVersion = 1;
	classes = {
	};
	objectVersion = 55;
	objects = {

/* Begin PBXBuildFile section */
		5C43A347280BB5FA008D9D95 /* AppDelegate.m in Sources */ = {isa = PBXBuildFile; fileRef = 5C43A346280BB5FA008D9D95 /* AppDelegate.m */; };
		5C43A34D280BB5FA008D9D95 /* ViewController.m in Sources */ = {isa = PBXBuildFile; fileRef = 5C43A34C280BB5FA008D9D95 /* ViewController.m */; };
		5C43A352280BB5FE008D9D95 /* Assets.xcassets in Resources */ = {isa = PBXBuildFile; fileRef = 5C43A351280BB5FE008D9D95 /* Assets.xcassets */; };
		5C43A355280BB5FE008D9D95 /* LaunchScreen.storyboard in Resources */ = {isa = PBXBuildFile; fileRef = 5C43A353280BB5FE008D9D95 /* LaunchScreen.storyboard */; };
		5C43A358280BB5FE008D9D95 /* main.m in Sources */ = {isa = PBXBuildFile; fileRef = 5C43A357280BB5FE008D9D95 /* main.m */; };
		5C43A366280C5D15008D9D95 /* ShowAdViewController.m in Sources */ = {isa = PBXBuildFile; fileRef = 5C43A362280C5D15008D9D95 /* ShowAdViewController.m */; };
		5C43A367280C5D15008D9D95 /* SimulateAd.m in Sources */ = {isa = PBXBuildFile; fileRef = 5C43A365280C5D15008D9D95 /* SimulateAd.m */; };
		5C43A36D280C6D40008D9D95 /* JKTimer.m in Sources */ = {isa = PBXBuildFile; fileRef = 5C43A36C280C6D40008D9D95 /* JKTimer.m */; };
/* End PBXBuildFile section */

/* Begin PBXFileReference section */
		5C43A342280BB5FA008D9D95 /* M_TimerCrashDemo.app */ = {isa = PBXFileReference; explicitFileType = wrapper.application; includeInIndex = 0; path = M_TimerCrashDemo.app; sourceTree = BUILT_PRODUCTS_DIR; };
		5C43A345280BB5FA008D9D95 /* AppDelegate.h */ = {isa = PBXFileReference; lastKnownFileType = sourcecode.c.h; path = AppDelegate.h; sourceTree = "<group>"; };
		5C43A346280BB5FA008D9D95 /* AppDelegate.m */ = {isa = PBXFileReference; lastKnownFileType = sourcecode.c.objc; path = AppDelegate.m; sourceTree = "<group>"; };
		5C43A34B280BB5FA008D9D95 /* ViewController.h */ = {isa = PBXFileReference; lastKnownFileType = sourcecode.c.h; path = ViewController.h; sourceTree = "<group>"; };
		5C43A34C280BB5FA008D9D95 /* ViewController.m */ = {isa = PBXFileReference; lastKnownFileType = sourcecode.c.objc; path = ViewController.m; sourceTree = "<group>"; };
		5C43A351280BB5FE008D9D95 /* Assets.xcassets */ = {isa = PBXFileReference; lastKnownFileType = folder.assetcatalog; path = Assets.xcassets; sourceTree = "<group>"; };
		5C43A354280BB5FE008D9D95 /* Base */ = {isa = PBXFileReference; lastKnownFileType = file.storyboard; name = Base; path = Base.lproj/LaunchScreen.storyboard; sourceTree = "<group>"; };
		5C43A356280BB5FE008D9D95 /* Info.plist */ = {isa = PBXFileReference; lastKnownFileType = text.plist.xml; path = Info.plist; sourceTree = "<group>"; };
		5C43A357280BB5FE008D9D95 /* main.m */ = {isa = PBXFileReference; lastKnownFileType = sourcecode.c.objc; path = main.m; sourceTree = "<group>"; };
		5C43A362280C5D15008D9D95 /* ShowAdViewController.m */ = {isa = PBXFileReference; fileEncoding = 4; lastKnownFileType = sourcecode.c.objc; path = ShowAdViewController.m; sourceTree = "<group>"; };
		5C43A363280C5D15008D9D95 /* SimulateAd.h */ = {isa = PBXFileReference; fileEncoding = 4; lastKnownFileType = sourcecode.c.h; path = SimulateAd.h; sourceTree = "<group>"; };
		5C43A364280C5D15008D9D95 /* ShowAdViewController.h */ = {isa = PBXFileReference; fileEncoding = 4; lastKnownFileType = sourcecode.c.h; path = ShowAdViewController.h; sourceTree = "<group>"; };
		5C43A365280C5D15008D9D95 /* SimulateAd.m */ = {isa = PBXFileReference; fileEncoding = 4; lastKnownFileType = sourcecode.c.objc; path = SimulateAd.m; sourceTree = "<group>"; };
		5C43A36B280C6D40008D9D95 /* JKTimer.h */ = {isa = PBXFileReference; fileEncoding = 4; lastKnownFileType = sourcecode.c.h; path = JKTimer.h; sourceTree = "<group>"; };
		5C43A36C280C6D40008D9D95 /* JKTimer.m */ = {isa = PBXFileReference; fileEncoding = 4; lastKnownFileType = sourcecode.c.objc; path = JKTimer.m; sourceTree = "<group>"; };
/* End PBXFileReference section */

/* Begin PBXFrameworksBuildPhase section */
		5C43A33F280BB5FA008D9D95 /* Frameworks */ = {
			isa = PBXFrameworksBuildPhase;
			buildActionMask = 2147483647;
			files = (
			);
			runOnlyForDeploymentPostprocessing = 0;
		};
/* End PBXFrameworksBuildPhase section */

/* Begin PBXGroup section */
		5C43A339280BB5FA008D9D95 = {
			isa = PBXGroup;
			children = (
				5C43A344280BB5FA008D9D95 /* M_TimerCrashDemo */,
				5C43A343280BB5FA008D9D95 /* Products */,
			);
			sourceTree = "<group>";
		};
		5C43A343280BB5FA008D9D95 /* Products */ = {
			isa = PBXGroup;
			children = (
				5C43A342280BB5FA008D9D95 /* M_TimerCrashDemo.app */,
			);
			name = Products;
			sourceTree = "<group>";
		};
		5C43A344280BB5FA008D9D95 /* M_TimerCrashDemo */ = {
			isa = PBXGroup;
			children = (
				5C43A35E280BB63B008D9D95 /* TimerCrashVC */,
				5C43A345280BB5FA008D9D95 /* AppDelegate.h */,
				5C43A346280BB5FA008D9D95 /* AppDelegate.m */,
				5C43A34B280BB5FA008D9D95 /* ViewController.h */,
				5C43A34C280BB5FA008D9D95 /* ViewController.m */,
				5C43A351280BB5FE008D9D95 /* Assets.xcassets */,
				5C43A353280BB5FE008D9D95 /* LaunchScreen.storyboard */,
				5C43A356280BB5FE008D9D95 /* Info.plist */,
				5C43A357280BB5FE008D9D95 /* main.m */,
			);
			path = M_TimerCrashDemo;
			sourceTree = "<group>";
		};
		5C43A35E280BB63B008D9D95 /* TimerCrashVC */ = {
			isa = PBXGroup;
			children = (
				5C43A364280C5D15008D9D95 /* ShowAdViewController.h */,
				5C43A362280C5D15008D9D95 /* ShowAdViewController.m */,
				5C43A363280C5D15008D9D95 /* SimulateAd.h */,
				5C43A365280C5D15008D9D95 /* SimulateAd.m */,
				5C43A36B280C6D40008D9D95 /* JKTimer.h */,
				5C43A36C280C6D40008D9D95 /* JKTimer.m */,
			);
			path = TimerCrashVC;
			sourceTree = "<group>";
		};
/* End PBXGroup section */

/* Begin PBXNativeTarget section */
		5C43A341280BB5FA008D9D95 /* M_TimerCrashDemo */ = {
			isa = PBXNativeTarget;
			buildConfigurationList = 5C43A35B280BB5FE008D9D95 /* Build configuration list for PBXNativeTarget "M_TimerCrashDemo" */;
			buildPhases = (
				5C43A33E280BB5FA008D9D95 /* Sources */,
				5C43A33F280BB5FA008D9D95 /* Frameworks */,
				5C43A340280BB5FA008D9D95 /* Resources */,
			);
			buildRules = (
			);
			dependencies = (
			);
			name = M_TimerCrashDemo;
			productName = M_TimerCrashDemo;
			productReference = 5C43A342280BB5FA008D9D95 /* M_TimerCrashDemo.app */;
			productType = "com.apple.product-type.application";
		};
/* End PBXNativeTarget section */

/* Begin PBXProject section */
		5C43A33A280BB5FA008D9D95 /* Project object */ = {
			isa = PBXProject;
			attributes = {
				BuildIndependentTargetsInParallel = 1;
				LastUpgradeCheck = 1330;
				TargetAttributes = {
					5C43A341280BB5FA008D9D95 = {
						CreatedOnToolsVersion = 13.3.1;
					};
				};
			};
			buildConfigurationList = 5C43A33D280BB5FA008D9D95 /* Build configuration list for PBXProject "M_TimerCrashDemo" */;
			compatibilityVersion = "Xcode 13.0";
			developmentRegion = en;
			hasScannedForEncodings = 0;
			knownRegions = (
				en,
				Base,
			);
			mainGroup = 5C43A339280BB5FA008D9D95;
			productRefGroup = 5C43A343280BB5FA008D9D95 /* Products */;
			projectDirPath = "";
			projectRoot = "";
			targets = (
				5C43A341280BB5FA008D9D95 /* M_TimerCrashDemo */,
			);
		};
/* End PBXProject section */

/* Begin PBXResourcesBuildPhase section */
		5C43A340280BB5FA008D9D95 /* Resources */ = {
			isa = PBXResourcesBuildPhase;
			buildActionMask = 2147483647;
			files = (
				5C43A355280BB5FE008D9D95 /* LaunchScreen.storyboard in Resources */,
				5C43A352280BB5FE008D9D95 /* Assets.xcassets in Resources */,
			);
			runOnlyForDeploymentPostprocessing = 0;
		};
/* End PBXResourcesBuildPhase section */

/* Begin PBXSourcesBuildPhase section */
		5C43A33E280BB5FA008D9D95 /* Sources */ = {
			isa = PBXSourcesBuildPhase;
			buildActionMask = 2147483647;
			files = (
				5C43A34D280BB5FA008D9D95 /* ViewController.m in Sources */,
				5C43A347280BB5FA008D9D95 /* AppDelegate.m in Sources */,
				5C43A36D280C6D40008D9D95 /* JKTimer.m in Sources */,
				5C43A366280C5D15008D9D95 /* ShowAdViewController.m in Sources */,
				5C43A358280BB5FE008D9D95 /* main.m in Sources */,
				5C43A367280C5D15008D9D95 /* SimulateAd.m in Sources */,
			);
			runOnlyForDeploymentPostprocessing = 0;
		};
/* End PBXSourcesBuildPhase section */

/* Begin PBXVariantGroup section */
		5C43A353280BB5FE008D9D95 /* LaunchScreen.storyboard */ = {
			isa = PBXVariantGroup;
			children = (
				5C43A354280BB5FE008D9D95 /* Base */,
			);
			name = LaunchScreen.storyboard;
			sourceTree = "<group>";
		};
/* End PBXVariantGroup section */

/* Begin XCBuildConfiguration section */
		5C43A359280BB5FE008D9D95 /* Debug */ = {
			isa = XCBuildConfiguration;
			buildSettings = {
				ALWAYS_SEARCH_USER_PATHS = NO;
				CLANG_ANALYZER_NONNULL = YES;
				CLANG_ANALYZER_NUMBER_OBJECT_CONVERSION = YES_AGGRESSIVE;
				CLANG_CXX_LANGUAGE_STANDARD = "gnu++17";
				CLANG_ENABLE_MODULES = YES;
				CLANG_ENABLE_OBJC_ARC = YES;
				CLANG_ENABLE_OBJC_WEAK = YES;
				CLANG_WARN_BLOCK_CAPTURE_AUTORELEASING = YES;
				CLANG_WARN_BOOL_CONVERSION = YES;
				CLANG_WARN_COMMA = YES;
				CLANG_WARN_CONSTANT_CONVERSION = YES;
				CLANG_WARN_DEPRECATED_OBJC_IMPLEMENTATIONS = YES;
				CLANG_WARN_DIRECT_OBJC_ISA_USAGE = YES_ERROR;
				CLANG_WARN_DOCUMENTATION_COMMENTS = YES;
				CLANG_WARN_EMPTY_BODY = YES;
				CLANG_WARN_ENUM_CONVERSION = YES;
				CLANG_WARN_INFINITE_RECURSION = YES;
				CLANG_WARN_INT_CONVERSION = YES;
				CLANG_WARN_NON_LITERAL_NULL_CONVERSION = YES;
				CLANG_WARN_OBJC_IMPLICIT_RETAIN_SELF = YES;
				CLANG_WARN_OBJC_LITERAL_CONVERSION = YES;
				CLANG_WARN_OBJC_ROOT_CLASS = YES_ERROR;
				CLANG_WARN_QUOTED_INCLUDE_IN_FRAMEWORK_HEADER = YES;
				CLANG_WARN_RANGE_LOOP_ANALYSIS = YES;
				CLANG_WARN_STRICT_PROTOTYPES = YES;
				CLANG_WARN_SUSPICIOUS_MOVE = YES;
				CLANG_WARN_UNGUARDED_AVAILABILITY = YES_AGGRESSIVE;
				CLANG_WARN_UNREACHABLE_CODE = YES;
				CLANG_WARN__DUPLICATE_METHOD_MATCH = YES;
				COPY_PHASE_STRIP = NO;
				DEBUG_INFORMATION_FORMAT = dwarf;
				ENABLE_STRICT_OBJC_MSGSEND = YES;
				ENABLE_TESTABILITY = YES;
				GCC_C_LANGUAGE_STANDARD = gnu11;
				GCC_DYNAMIC_NO_PIC = NO;
				GCC_NO_COMMON_BLOCKS = YES;
				GCC_OPTIMIZATION_LEVEL = 0;
				GCC_PREPROCESSOR_DEFINITIONS = (
					"DEBUG=1",
					"$(inherited)",
				);
				GCC_WARN_64_TO_32_BIT_CONVERSION = YES;
				GCC_WARN_ABOUT_RETURN_TYPE = YES_ERROR;
				GCC_WARN_UNDECLARED_SELECTOR = YES;
				GCC_WARN_UNINITIALIZED_AUTOS = YES_AGGRESSIVE;
				GCC_WARN_UNUSED_FUNCTION = YES;
				GCC_WARN_UNUSED_VARIABLE = YES;
				IPHONEOS_DEPLOYMENT_TARGET = 15.4;
				MTL_ENABLE_DEBUG_INFO = INCLUDE_SOURCE;
				MTL_FAST_MATH = YES;
				ONLY_ACTIVE_ARCH = YES;
				SDKROOT = iphoneos;
			};
			name = Debug;
		};
		5C43A35A280BB5FE008D9D95 /* Release */ = {
			isa = XCBuildConfiguration;
			buildSettings = {
				ALWAYS_SEARCH_USER_PATHS = NO;
				CLANG_ANALYZER_NONNULL = YES;
				CLANG_ANALYZER_NUMBER_OBJECT_CONVERSION = YES_AGGRESSIVE;
				CLANG_CXX_LANGUAGE_STANDARD = "gnu++17";
				CLANG_ENABLE_MODULES = YES;
				CLANG_ENABLE_OBJC_ARC = YES;
				CLANG_ENABLE_OBJC_WEAK = YES;
				CLANG_WARN_BLOCK_CAPTURE_AUTORELEASING = YES;
				CLANG_WARN_BOOL_CONVERSION = YES;
				CLANG_WARN_COMMA = YES;
				CLANG_WARN_CONSTANT_CONVERSION = YES;
				CLANG_WARN_DEPRECATED_OBJC_IMPLEMENTATIONS = YES;
				CLANG_WARN_DIRECT_OBJC_ISA_USAGE = YES_ERROR;
				CLANG_WARN_DOCUMENTATION_COMMENTS = YES;
				CLANG_WARN_EMPTY_BODY = YES;
				CLANG_WARN_ENUM_CONVERSION = YES;
				CLANG_WARN_INFINITE_RECURSION = YES;
				CLANG_WARN_INT_CONVERSION = YES;
				CLANG_WARN_NON_LITERAL_NULL_CONVERSION = YES;
				CLANG_WARN_OBJC_IMPLICIT_RETAIN_SELF = YES;
				CLANG_WARN_OBJC_LITERAL_CONVERSION = YES;
				CLANG_WARN_OBJC_ROOT_CLASS = YES_ERROR;
				CLANG_WARN_QUOTED_INCLUDE_IN_FRAMEWORK_HEADER = YES;
				CLANG_WARN_RANGE_LOOP_ANALYSIS = YES;
				CLANG_WARN_STRICT_PROTOTYPES = YES;
				CLANG_WARN_SUSPICIOUS_MOVE = YES;
				CLANG_WARN_UNGUARDED_AVAILABILITY = YES_AGGRESSIVE;
				CLANG_WARN_UNREACHABLE_CODE = YES;
				CLANG_WARN__DUPLICATE_METHOD_MATCH = YES;
				COPY_PHASE_STRIP = NO;
				DEBUG_INFORMATION_FORMAT = "dwarf-with-dsym";
				ENABLE_NS_ASSERTIONS = NO;
				ENABLE_STRICT_OBJC_MSGSEND = YES;
				GCC_C_LANGUAGE_STANDARD = gnu11;
				GCC_NO_COMMON_BLOCKS = YES;
				GCC_WARN_64_TO_32_BIT_CONVERSION = YES;
				GCC_WARN_ABOUT_RETURN_TYPE = YES_ERROR;
				GCC_WARN_UNDECLARED_SELECTOR = YES;
				GCC_WARN_UNINITIALIZED_AUTOS = YES_AGGRESSIVE;
				GCC_WARN_UNUSED_FUNCTION = YES;
				GCC_WARN_UNUSED_VARIABLE = YES;
				IPHONEOS_DEPLOYMENT_TARGET = 15.4;
				MTL_ENABLE_DEBUG_INFO = NO;
				MTL_FAST_MATH = YES;
				SDKROOT = iphoneos;
				VALIDATE_PRODUCT = YES;
			};
			name = Release;
		};
		5C43A35C280BB5FE008D9D95 /* Debug */ = {
			isa = XCBuildConfiguration;
			buildSettings = {
				ASSETCATALOG_COMPILER_APPICON_NAME = AppIcon;
				ASSETCATALOG_COMPILER_GLOBAL_ACCENT_COLOR_NAME = AccentColor;
				CLANG_ENABLE_OBJC_ARC = NO;
				CODE_SIGN_STYLE = Automatic;
				CURRENT_PROJECT_VERSION = 1;
				GENERATE_INFOPLIST_FILE = YES;
				INFOPLIST_FILE = M_TimerCrashDemo/Info.plist;
				INFOPLIST_KEY_UIApplicationSupportsIndirectInputEvents = YES;
				INFOPLIST_KEY_UILaunchStoryboardName = LaunchScreen;
				INFOPLIST_KEY_UISupportedInterfaceOrientations_iPad = "UIInterfaceOrientationPortrait UIInterfaceOrientationPortraitUpsideDown UIInterfaceOrientationLandscapeLeft UIInterfaceOrientationLandscapeRight";
				INFOPLIST_KEY_UISupportedInterfaceOrientations_iPhone = "UIInterfaceOrientationPortrait UIInterfaceOrientationLandscapeLeft UIInterfaceOrientationLandscapeRight";
				LD_RUNPATH_SEARCH_PATHS = (
					"$(inherited)",
					"@executable_path/Frameworks",
				);
				MARKETING_VERSION = 1.0;
				PRODUCT_BUNDLE_IDENTIFIER = "com.jackPersonal.M-TimerCrashDemo";
				PRODUCT_NAME = "$(TARGET_NAME)";
				SWIFT_EMIT_LOC_STRINGS = YES;
				TARGETED_DEVICE_FAMILY = 1;
			};
			name = Debug;
		};
		5C43A35D280BB5FE008D9D95 /* Release */ = {
			isa = XCBuildConfiguration;
			buildSettings = {
				ASSETCATALOG_COMPILER_APPICON_NAME = AppIcon;
				ASSETCATALOG_COMPILER_GLOBAL_ACCENT_COLOR_NAME = AccentColor;
				CLANG_ENABLE_OBJC_ARC = NO;
				CODE_SIGN_STYLE = Automatic;
				CURRENT_PROJECT_VERSION = 1;
				GENERATE_INFOPLIST_FILE = YES;
				INFOPLIST_FILE = M_TimerCrashDemo/Info.plist;
				INFOPLIST_KEY_UIApplicationSupportsIndirectInputEvents = YES;
				INFOPLIST_KEY_UILaunchStoryboardName = LaunchScreen;
				INFOPLIST_KEY_UISupportedInterfaceOrientations_iPad = "UIInterfaceOrientationPortrait UIInterfaceOrientationPortraitUpsideDown UIInterfaceOrientationLandscapeLeft UIInterfaceOrientationLandscapeRight";
				INFOPLIST_KEY_UISupportedInterfaceOrientations_iPhone = "UIInterfaceOrientationPortrait UIInterfaceOrientationLandscapeLeft UIInterfaceOrientationLandscapeRight";
				LD_RUNPATH_SEARCH_PATHS = (
					"$(inherited)",
					"@executable_path/Frameworks",
				);
				MARKETING_VERSION = 1.0;
				PRODUCT_BUNDLE_IDENTIFIER = "com.jackPersonal.M-TimerCrashDemo";
				PRODUCT_NAME = "$(TARGET_NAME)";
				SWIFT_EMIT_LOC_STRINGS = YES;
				TARGETED_DEVICE_FAMILY = 1;
			};
			name = Release;
		};
/* End XCBuildConfiguration section */

/* Begin XCConfigurationList section */
		5C43A33D280BB5FA008D9D95 /* Build configuration list for PBXProject "M_TimerCrashDemo" */ = {
			isa = XCConfigurationList;
			buildConfigurations = (
				5C43A359280BB5FE008D9D95 /* Debug */,
				5C43A35A280BB5FE008D9D95 /* Release */,
			);
			defaultConfigurationIsVisible = 0;
			defaultConfigurationName = Release;
		};
		5C43A35B280BB5FE008D9D95 /* Build configuration list for PBXNativeTarget "M_TimerCrashDemo" */ = {
			isa = XCConfigurationList;
			buildConfigurations = (
				5C43A35C280BB5FE008D9D95 /* Debug */,
				5C43A35D280BB5FE008D9D95 /* Release */,
			);
			defaultConfigurationIsVisible = 0;
			defaultConfigurationName = Release;
		};
/* End XCConfigurationList section */
	};
	rootObject = 5C43A33A280BB5FA008D9D95 /* Project object */;
}
